{
  "nodes": {
    "nixpkgs": {
      "locked": {
        "lastModified": 1631452463,
        "narHash": "sha256-/BMbXjACbkemEB0cULa4/DFNAHusavOzRJL/VX2FIuM=",
        "owner": "NixOS",
        "repo": "nixpkgs",
        "rev": "e85f0175e3effe9ba191d66c09e8f1b7d6362d5e",
        "type": "github"
      },
      "original": {
        "owner": "NixOS",
        "ref": "nixos-21.05",
        "repo": "nixpkgs",
        "type": "github"
      }
    },
    "nixpkgs-master": {
      "locked": {
        "lastModified": 1631479426,
        "narHash": "sha256-v3CBRbigPPUO+Z7Se0GcTVzqqRXrvyB27dP0a7jdtxU=",
        "owner": "NixOS",
        "repo": "nixpkgs",
        "rev": "2444c11431a37e04de025b63f6a12bdd05d2f4c1",
        "type": "github"
      },
      "original": {
        "owner": "NixOS",
        "ref": "master",
        "repo": "nixpkgs",
        "type": "github"
      }
    },
    "nixpkgs-unstable": {
      "locked": {
        "lastModified": 1631381596,
        "narHash": "sha256-Xk91RO0uMyul8fWo3RP7WqEP5bsKUVucJRgLZgascAo=",
        "owner": "NixOS",
        "repo": "nixpkgs",
        "rev": "f6e9e908ccbcabb365cb5434a4a38dd8c996fc72",
        "type": "github"
      },
      "original": {
        "owner": "NixOS",
        "ref": "nixos-unstable",
        "repo": "nixpkgs",
        "type": "github"
      }
    },
    "root": {
      "inputs": {
        "nixpkgs": "nixpkgs",
        "nixpkgs-master": "nixpkgs-master",
        "nixpkgs-unstable": "nixpkgs-unstable"
      }
    }
  },
  "root": "root",
  "version": 7
}
