{
  "nodes": {
    "nixpkgs": {
      "locked": {
        "lastModified": 1631275245,
        "narHash": "sha256-vROU1OFI2zvKSBjbMpbpl9R08Or3eUwaW5HJLq88QWY=",
        "owner": "NixOS",
        "repo": "nixpkgs",
        "rev": "8b0b81dab17753ab344a44c04be90a61dc55badf",
        "type": "github"
      },
      "original": {
        "owner": "NixOS",
        "ref": "nixos-21.05",
        "repo": "nixpkgs",
        "type": "github"
      }
    },
    "nixpkgs-master": {
      "locked": {
        "lastModified": 1631463445,
        "narHash": "sha256-xqr6nm1NrD8UDaxnF0+dv78pD9Pe5Ipjb4YyXhnvllI=",
        "owner": "NixOS",
        "repo": "nixpkgs",
        "rev": "8b13843f4e08c2d707acb8b558c012f0fb1cb314",
        "type": "github"
      },
      "original": {
        "owner": "NixOS",
        "ref": "master",
        "repo": "nixpkgs",
        "type": "github"
      }
    },
    "nixpkgs-unstable": {
      "locked": {
        "lastModified": 1631381596,
        "narHash": "sha256-Xk91RO0uMyul8fWo3RP7WqEP5bsKUVucJRgLZgascAo=",
        "owner": "NixOS",
        "repo": "nixpkgs",
        "rev": "f6e9e908ccbcabb365cb5434a4a38dd8c996fc72",
        "type": "github"
      },
      "original": {
        "owner": "NixOS",
        "ref": "nixos-unstable",
        "repo": "nixpkgs",
        "type": "github"
      }
    },
    "root": {
      "inputs": {
        "nixpkgs": "nixpkgs",
        "nixpkgs-master": "nixpkgs-master",
        "nixpkgs-unstable": "nixpkgs-unstable"
      }
    }
  },
  "root": "root",
  "version": 7
}
